
Microsoft Visual Studio Solution File, Format Version 12.00
# Visual Studio Version 16
VisualStudioVersion = 16.0.810.22
MinimumVisualStudioVersion = 10.0.40219.1
Project("{FAE04EC0-301F-11D3-BF4B-00C04F79EFBC}") = "arrays", "arrays\arrays.csproj", "{B6453E87-104E-41CE-A062-5E104FC7C4F9}"
EndProject
Global
	GlobalSection(SolutionConfigurationPlatforms) = preSolution
		Debug|Any CPU = Debug|Any CPU
		Release|Any CPU = Release|Any CPU
	EndGlobalSection
	GlobalSection(ProjectConfigurationPlatforms) = postSolution
		{B6453E87-104E-41CE-A062-5E104FC7C4F9}.Debug|Any CPU.ActiveCfg = Debug|Any CPU
		{B6453E87-104E-41CE-A062-5E104FC7C4F9}.Debug|Any CPU.Build.0 = Debug|Any CPU
		{B6453E87-104E-41CE-A062-5E104FC7C4F9}.Release|Any CPU.ActiveCfg = Release|Any CPU
		{B6453E87-104E-41CE-A062-5E104FC7C4F9}.Release|Any CPU.Build.0 = Release|Any CPU
	EndGlobalSection
	GlobalSection(SolutionProperties) = preSolution
		HideSolutionNode = FALSE
	EndGlobalSection
	GlobalSection(ExtensibilityGlobals) = postSolution
		SolutionGuid = {8944AFB7-DBC4-4B26-87D5-595182EF5E56}
	EndGlobalSection
EndGlobal
