
Microsoft Visual Studio Solution File, Format Version 12.00
# Visual Studio Version 16
VisualStudioVersion = 16.0.810.22
MinimumVisualStudioVersion = 10.0.40219.1
Project("{FAE04EC0-301F-11D3-BF4B-00C04F79EFBC}") = "WordleGang", "WordleGang\WordleGang.csproj", "{17DDDA83-893A-40D0-B670-901E9B9D4E77}"
EndProject
Global
	GlobalSection(SolutionConfigurationPlatforms) = preSolution
		Debug|Any CPU = Debug|Any CPU
		Release|Any CPU = Release|Any CPU
	EndGlobalSection
	GlobalSection(ProjectConfigurationPlatforms) = postSolution
		{17DDDA83-893A-40D0-B670-901E9B9D4E77}.Debug|Any CPU.ActiveCfg = Debug|Any CPU
		{17DDDA83-893A-40D0-B670-901E9B9D4E77}.Debug|Any CPU.Build.0 = Debug|Any CPU
		{17DDDA83-893A-40D0-B670-901E9B9D4E77}.Release|Any CPU.ActiveCfg = Release|Any CPU
		{17DDDA83-893A-40D0-B670-901E9B9D4E77}.Release|Any CPU.Build.0 = Release|Any CPU
	EndGlobalSection
	GlobalSection(SolutionProperties) = preSolution
		HideSolutionNode = FALSE
	EndGlobalSection
	GlobalSection(ExtensibilityGlobals) = postSolution
		SolutionGuid = {2FEE2164-45BF-4795-A5D5-69C18AD3338C}
	EndGlobalSection
EndGlobal
