
Microsoft Visual Studio Solution File, Format Version 12.00
# Visual Studio Version 16
VisualStudioVersion = 16.0.810.23
MinimumVisualStudioVersion = 10.0.40219.1
Project("{FAE04EC0-301F-11D3-BF4B-00C04F79EFBC}") = "get-set", "get-set\get-set.csproj", "{6B75D408-9312-46A2-9078-976FD2C114CC}"
EndProject
Global
	GlobalSection(SolutionConfigurationPlatforms) = preSolution
		Debug|Any CPU = Debug|Any CPU
		Release|Any CPU = Release|Any CPU
	EndGlobalSection
	GlobalSection(ProjectConfigurationPlatforms) = postSolution
		{6B75D408-9312-46A2-9078-976FD2C114CC}.Debug|Any CPU.ActiveCfg = Debug|Any CPU
		{6B75D408-9312-46A2-9078-976FD2C114CC}.Debug|Any CPU.Build.0 = Debug|Any CPU
		{6B75D408-9312-46A2-9078-976FD2C114CC}.Release|Any CPU.ActiveCfg = Release|Any CPU
		{6B75D408-9312-46A2-9078-976FD2C114CC}.Release|Any CPU.Build.0 = Release|Any CPU
	EndGlobalSection
	GlobalSection(SolutionProperties) = preSolution
		HideSolutionNode = FALSE
	EndGlobalSection
	GlobalSection(ExtensibilityGlobals) = postSolution
		SolutionGuid = {2F914CDF-F678-4D02-AFBD-AAC1C3EC2B41}
	EndGlobalSection
EndGlobal
