
Microsoft Visual Studio Solution File, Format Version 12.00
# Visual Studio Version 16
VisualStudioVersion = 25.0.1700.1
MinimumVisualStudioVersion = 10.0.40219.1
Project("{FAE04EC0-301F-11D3-BF4B-00C04F79EFBC}") = "CustomWebServer", "CustomWebServer\CustomWebServer.csproj", "{719A6F10-A7F7-4DB4-A69E-178E977DD715}"
EndProject
Global
	GlobalSection(SolutionConfigurationPlatforms) = preSolution
		Debug|Any CPU = Debug|Any CPU
		Release|Any CPU = Release|Any CPU
	EndGlobalSection
	GlobalSection(ProjectConfigurationPlatforms) = postSolution
		{719A6F10-A7F7-4DB4-A69E-178E977DD715}.Debug|Any CPU.ActiveCfg = Debug|Any CPU
		{719A6F10-A7F7-4DB4-A69E-178E977DD715}.Debug|Any CPU.Build.0 = Debug|Any CPU
		{719A6F10-A7F7-4DB4-A69E-178E977DD715}.Release|Any CPU.ActiveCfg = Release|Any CPU
		{719A6F10-A7F7-4DB4-A69E-178E977DD715}.Release|Any CPU.Build.0 = Release|Any CPU
	EndGlobalSection
	GlobalSection(SolutionProperties) = preSolution
		HideSolutionNode = FALSE
	EndGlobalSection
	GlobalSection(ExtensibilityGlobals) = postSolution
		SolutionGuid = {03E9155C-47DB-4EA8-86AD-DD78E7C8C108}
	EndGlobalSection
EndGlobal
